# THIS IS AN AUTOGENERATED FILE. DO NOT EDIT THIS FILE DIRECTLY.
# yarn lockfile v1


"@next/bundle-analyzer@^10.1.3":
  "integrity" "sha512-vEfQhGWgJugZOlSUlj3DZWs/KsK0SO2SPKoHSZ7KkzpruKzc/e45G0oUh0rffzdhasMQZM1TuSBkxO+1UcnDNw=="
  "resolved" "https://registry.npmjs.org/@next/bundle-analyzer/-/bundle-analyzer-10.2.3.tgz"
  "version" "10.2.3"
  dependencies:
    "webpack-bundle-analyzer" "4.3.0"

"@next/env@12.1.4":
  "integrity" "sha512-7gQwotJDKnfMxxXd8xJ2vsX5AzyDxO3zou0+QOXX8/unypA6icw5+wf6A62yKZ6qQ4UZHHxS68pb6UV+wNneXg=="
  "resolved" "https://registry.npmjs.org/@next/env/-/env-12.1.4.tgz"
  "version" "12.1.4"

"@next/swc-darwin-x64@12.1.4":
  "integrity" "sha512-p1lwdX0TVjaoDXQVuAkjtxVBbCL/urgxiMCBwuPDO7TikpXtSRivi+mIzBj5q7ypgICFmIAOW3TyupXeoPRAnA=="
  "resolved" "https://registry.npmjs.org/@next/swc-darwin-x64/-/swc-darwin-x64-12.1.4.tgz"
  "version" "12.1.4"

"@polka/url@^1.0.0-next.20":
  "integrity" "sha512-a5Sab1C4/icpTZVzZc5Ghpz88yQtGOyNqYXcZgOssB2uuAr+wF/MvN6bgtW32q7HHrvBki+BsZ0OuNv6EV3K9g=="
  "resolved" "https://registry.npmjs.org/@polka/url/-/url-1.0.0-next.21.tgz"
  "version" "1.0.0-next.21"

"@prismicio/client@^5.1.0":
  "integrity" "sha512-LCb+arVVxJOoPM+8qfLCC/Dqse7mh+Q1k3oo5W5Uzu7vVO+vtc7CUYHxgCDkvekakYHc9407kwWu65ErZw+CPQ=="
  "resolved" "https://registry.npmjs.org/@prismicio/client/-/client-5.1.0.tgz"
  "version" "5.1.0"
  dependencies:
    "cross-fetch" "^3.0.6"

"acorn-walk@^8.0.0":
  "integrity" "sha512-k+iyHEuPgSw6SbuDpGQM+06HQUa04DZ3o+F6CSzXMvvI5KMvnaEqXe+YVe555R9nn6GPt404fos4wcgpw12SDA=="
  "resolved" "https://registry.npmjs.org/acorn-walk/-/acorn-walk-8.2.0.tgz"
  "version" "8.2.0"

"acorn@^8.0.4":
  "integrity" "sha512-V/LGr1APy+PXIwKebEWrkZPwoeoF+w1jiOBUmuxuiUIaOHtob8Qc9BTrYo7VuI5fR8tqsy+buA2WFooR5olqvQ=="
  "resolved" "https://registry.npmjs.org/acorn/-/acorn-8.7.0.tgz"
  "version" "8.7.0"

"ansi-styles@^4.1.0":
  "integrity" "sha512-zbB9rCJAT1rbjiVDb2hqKFHNYLxgtk8NURxZ3IZwD3F6NtxbXZQCnnSi1Lkx+IDohdPlFp222wVALIheZJQSEg=="
  "resolved" "https://registry.npmjs.org/ansi-styles/-/ansi-styles-4.3.0.tgz"
  "version" "4.3.0"
  dependencies:
    "color-convert" "^2.0.1"

"asynckit@^0.4.0":
  "integrity" "sha1-x57Zf380y48robyXkLzDZkdLS3k="
  "resolved" "https://registry.npmjs.org/asynckit/-/asynckit-0.4.0.tgz"
  "version" "0.4.0"

"aura-design@^0.1.33":
  "integrity" "sha512-JgLUEDKzser1O4Nml7jQkg9zJAb3DPzRftvS6fSNmXm8+a5EZozb0BPmNF9wmJSIutPEASqqSILhNKjF0MaVsw=="
  "resolved" "https://registry.npmjs.org/aura-design/-/aura-design-0.1.33.tgz"
  "version" "0.1.33"

"caniuse-lite@^1.0.30001283":
  "integrity" "sha512-1/Cg4jlD9qjZzhbzkzEaAC2JHsP0WrOc8Rd/3a3LuajGzGWR/hD7TVyvq99VqmTy99eVh8Zkmdq213OgvgXx7w=="
  "resolved" "https://registry.npmjs.org/caniuse-lite/-/caniuse-lite-1.0.30001327.tgz"
  "version" "1.0.30001327"

"chalk@^4.1.0":
  "integrity" "sha512-oKnbhFyRIXpUuez8iBMmyEa4nbj4IOQyuhc/wy9kY7/WVPcwIO9VA668Pu8RkO7+0G76SLROeyw9CpQ061i4mA=="
  "resolved" "https://registry.npmjs.org/chalk/-/chalk-4.1.2.tgz"
  "version" "4.1.2"
  dependencies:
    "ansi-styles" "^4.1.0"
    "supports-color" "^7.1.0"

"color-convert@^2.0.1":
  "integrity" "sha512-RRECPsj7iu/xb5oKYcsFHSppFNnsj/52OVTRKb4zP5onXwVF3zVmmToNcOfGC+CRDpfK/U584fMg38ZHCaElKQ=="
  "resolved" "https://registry.npmjs.org/color-convert/-/color-convert-2.0.1.tgz"
  "version" "2.0.1"
  dependencies:
    "color-name" "~1.1.4"

"color-name@~1.1.4":
  "integrity" "sha512-dOy+3AuW3a2wNbZHIuMZpTcgjGuLU/uBL/ubcZF9OXbDo8ff4O8yVp5Bf0efS8uEoYo5q4Fx7dY9OgQGXgAsQA=="
  "resolved" "https://registry.npmjs.org/color-name/-/color-name-1.1.4.tgz"
  "version" "1.1.4"

"combined-stream@^1.0.8":
  "integrity" "sha512-FQN4MRfuJeHf7cBbBMJFXhKSDq+2kAArBlmRBvcvFE5BB1HZKXtSFASDhdlz9zOYwxh8lDdnvmMOe/+5cdoEdg=="
  "resolved" "https://registry.npmjs.org/combined-stream/-/combined-stream-1.0.8.tgz"
  "version" "1.0.8"
  dependencies:
    "delayed-stream" "~1.0.0"

"commander@^6.2.0":
  "integrity" "sha512-U7VdrJFnJgo4xjrHpTzu0yrHPGImdsmD95ZlgYSEajAn2JKzDhDTPG9kBTefmObL2w/ngeZnilk+OV9CG3d7UA=="
  "resolved" "https://registry.npmjs.org/commander/-/commander-6.2.1.tgz"
  "version" "6.2.1"

"copy-to-clipboard@^3.3.1":
  "integrity" "sha512-i13qo6kIHTTpCm8/Wup+0b1mVWETvu2kIMzKoK8FpkLkFxlt0znUAHcMzox+T8sPlqtZXq3CulEjQHsYiGFJUw=="
  "resolved" "https://registry.npmjs.org/copy-to-clipboard/-/copy-to-clipboard-3.3.1.tgz"
  "version" "3.3.1"
  dependencies:
    "toggle-selection" "^1.0.6"

"cross-fetch@^3.0.6", "cross-fetch@^3.1.5":
  "integrity" "sha512-lvb1SBsI0Z7GDwmuid+mU3kWVBwTVUbe7S0H52yaaAdQOXq2YktTCZdlAcNKFzE6QtRz0snpw9bNiPeOIkkQvw=="
  "resolved" "https://registry.npmjs.org/cross-fetch/-/cross-fetch-3.1.5.tgz"
  "version" "3.1.5"
  dependencies:
    "node-fetch" "2.6.7"

"delayed-stream@~1.0.0":
  "integrity" "sha1-3zrhmayt+31ECqrgsp4icrJOxhk="
  "resolved" "https://registry.npmjs.org/delayed-stream/-/delayed-stream-1.0.0.tgz"
  "version" "1.0.0"

"duplexer@^0.1.2":
  "integrity" "sha512-jtD6YG370ZCIi/9GTaJKQxWTZD045+4R4hTk/x1UyoqadyJ9x9CgSi1RlVDQF8U2sxLLSnFkCaMihqljHIWgMg=="
  "resolved" "https://registry.npmjs.org/duplexer/-/duplexer-0.1.2.tgz"
  "version" "0.1.2"

"extract-files@^9.0.0":
  "integrity" "sha512-CvdFfHkC95B4bBBk36hcEmvdR2awOdhhVUYH6S/zrVj3477zven/fJMYg7121h4T1xHZC+tetUpubpAhxwI7hQ=="
  "resolved" "https://registry.npmjs.org/extract-files/-/extract-files-9.0.0.tgz"
  "version" "9.0.0"

"form-data@^3.0.0":
  "integrity" "sha512-RHkBKtLWUVwd7SqRIvCZMEvAMoGUp0XU+seQiZejj0COz3RI3hWP4sCv3gZWWLjJTd7rGwcsF5eKZGii0r/hbg=="
  "resolved" "https://registry.npmjs.org/form-data/-/form-data-3.0.1.tgz"
  "version" "3.0.1"
  dependencies:
    "asynckit" "^0.4.0"
    "combined-stream" "^1.0.8"
    "mime-types" "^2.1.12"

"graphql-request@^4.2.0":
  "integrity" "sha512-uFeMyhhl8ss4LFgjlfPeAn2pqYw+CJto+cjj71uaBYIMMK2jPIqgHm5KEFxUk0YDD41A8Bq31a2b4G2WJBlp2Q=="
  "resolved" "https://registry.npmjs.org/graphql-request/-/graphql-request-4.2.0.tgz"
  "version" "4.2.0"
  dependencies:
    "cross-fetch" "^3.1.5"
    "extract-files" "^9.0.0"
    "form-data" "^3.0.0"

"graphql@^16.3.0", "graphql@14 - 16":
  "integrity" "sha512-xm+ANmA16BzCT5pLjuXySbQVFwH3oJctUVdy81w1sV0vBU0KgDdBGtxQOUd5zqOBk/JayAFeG8Dlmeq74rjm/A=="
  "resolved" "https://registry.npmjs.org/graphql/-/graphql-16.3.0.tgz"
  "version" "16.3.0"

"gzip-size@^6.0.0":
  "integrity" "sha512-ax7ZYomf6jqPTQ4+XCpUGyXKHk5WweS+e05MBO4/y3WJ5RkmPXNKvX+bx1behVILVwr6JSQvZAku021CHPXG3Q=="
  "resolved" "https://registry.npmjs.org/gzip-size/-/gzip-size-6.0.0.tgz"
  "version" "6.0.0"
  dependencies:
    "duplexer" "^0.1.2"

"has-flag@^4.0.0":
  "integrity" "sha512-EykJT/Q1KjTWctppgIAgfSO0tKVuZUjhgMr17kqTumMl6Afv3EISleU7qZUzoXDFTAHTDC4NOoG/ZxU3EvlMPQ=="
  "resolved" "https://registry.npmjs.org/has-flag/-/has-flag-4.0.0.tgz"
  "version" "4.0.0"

"highlight.js@^10.5.0":
  "integrity" "sha512-tzcUFauisWKNHaRkN4Wjl/ZA07gENAjFl3J/c480dprkGTg5EQstgaNFqBfUqCq54kZRIEcreTsAgF/m2quD7A=="
  "resolved" "https://registry.npmjs.org/highlight.js/-/highlight.js-10.7.3.tgz"
  "version" "10.7.3"

"js-tokens@^3.0.0 || ^4.0.0":
  "integrity" "sha512-RdJUflcE3cUzKiMqQgsCu06FPu9UdIJO0beYbPhHN4k6apgJtifcoCtT9bcxOpYBtpD2kCM6Sbzg4CausW/PKQ=="
  "resolved" "https://registry.npmjs.org/js-tokens/-/js-tokens-4.0.0.tgz"
  "version" "4.0.0"

"lodash@^4.17.20":
  "integrity" "sha512-v2kDEe57lecTulaDIuNTPy3Ry4gLGJ6Z1O3vE1krgXZNrsQ+LFTGHVxVjcXPs17LhbZVGedAJv8XZ1tvj5FvSg=="
  "resolved" "https://registry.npmjs.org/lodash/-/lodash-4.17.21.tgz"
  "version" "4.17.21"

"loose-envify@^1.1.0", "loose-envify@^1.4.0":
  "integrity" "sha512-lyuxPGr/Wfhrlem2CL/UcnUc1zcqKAImBDzukY7Y5F/yQiNdko6+fRLevlw1HgMySw7f611UIY408EtxRSoK3Q=="
  "resolved" "https://registry.npmjs.org/loose-envify/-/loose-envify-1.4.0.tgz"
  "version" "1.4.0"
  dependencies:
    "js-tokens" "^3.0.0 || ^4.0.0"

"mime-db@1.51.0":
  "integrity" "sha512-5y8A56jg7XVQx2mbv1lu49NR4dokRnhZYTtL+KGfaa27uq4pSTXkwQkFJl4pkRMyNFz/EtYDSkiiEHx3F7UN6g=="
  "resolved" "https://registry.npmjs.org/mime-db/-/mime-db-1.51.0.tgz"
  "version" "1.51.0"

"mime-types@^2.1.12":
  "integrity" "sha512-6cP692WwGIs9XXdOO4++N+7qjqv0rqxxVvJ3VHPh/Sc9mVZcQP+ZGhkKiTvWMQRr2tbHkJP/Yn7Y0npb3ZBs4A=="
  "resolved" "https://registry.npmjs.org/mime-types/-/mime-types-2.1.34.tgz"
  "version" "2.1.34"
  dependencies:
    "mime-db" "1.51.0"

"mrmime@^1.0.0":
  "integrity" "sha512-a70zx7zFfVO7XpnQ2IX1Myh9yY4UYvfld/dikWRnsXxbyvMcfz+u6UfgNAtH+k2QqtJuzVpv6eLTx1G2+WKZbQ=="
  "resolved" "https://registry.npmjs.org/mrmime/-/mrmime-1.0.0.tgz"
  "version" "1.0.0"

"nanoid@^3.1.30":
  "integrity" "sha512-CuHBogktKwpm5g2sRgv83jEy2ijFzBwMoYA60orPDR7ynsLijJDqgsi4RDGj3OJpy3Ieb+LYwiRmIOGyytgITA=="
  "resolved" "https://registry.npmjs.org/nanoid/-/nanoid-3.3.2.tgz"
  "version" "3.3.2"

"next@^12.1.4":
  "integrity" "sha512-DA4g97BM4Z0nKtDvCTm58RxdvoQyYzeg0AeVbh0N4Y/D8ELrNu47lQeEgRGF8hV4eQ+Sal90zxrJQQG/mPQ8CQ=="
  "resolved" "https://registry.npmjs.org/next/-/next-12.1.4.tgz"
  "version" "12.1.4"
  dependencies:
    "@next/env" "12.1.4"
    "caniuse-lite" "^1.0.30001283"
    "postcss" "8.4.5"
    "styled-jsx" "5.0.1"
  optionalDependencies:
    "@next/swc-android-arm-eabi" "12.1.4"
    "@next/swc-android-arm64" "12.1.4"
    "@next/swc-darwin-arm64" "12.1.4"
    "@next/swc-darwin-x64" "12.1.4"
    "@next/swc-linux-arm-gnueabihf" "12.1.4"
    "@next/swc-linux-arm64-gnu" "12.1.4"
    "@next/swc-linux-arm64-musl" "12.1.4"
    "@next/swc-linux-x64-gnu" "12.1.4"
    "@next/swc-linux-x64-musl" "12.1.4"
    "@next/swc-win32-arm64-msvc" "12.1.4"
    "@next/swc-win32-ia32-msvc" "12.1.4"
    "@next/swc-win32-x64-msvc" "12.1.4"

"node-fetch@2.6.7":
  "integrity" "sha512-ZjMPFEfVx5j+y2yF35Kzx5sF7kDzxuDj6ziH4FFbOp87zKDZNx8yExJIb05OGF4Nlt9IHFIMBkRl41VdvcNdbQ=="
  "resolved" "https://registry.npmjs.org/node-fetch/-/node-fetch-2.6.7.tgz"
  "version" "2.6.7"
  dependencies:
    "whatwg-url" "^5.0.0"

"nprogress@^0.2.0":
  "integrity" "sha1-y480xTIT2JVyP8urkH6UIq28r7E="
  "resolved" "https://registry.npmjs.org/nprogress/-/nprogress-0.2.0.tgz"
  "version" "0.2.0"

"object-assign@^4.1.1":
  "integrity" "sha1-IQmtx5ZYh8/AXLvUQsrIv7s2CGM="
  "resolved" "https://registry.npmjs.org/object-assign/-/object-assign-4.1.1.tgz"
  "version" "4.1.1"

"opener@^1.5.2":
  "integrity" "sha512-ur5UIdyw5Y7yEj9wLzhqXiy6GZ3Mwx0yGI+5sMn2r0N0v3cKJvUmFH5yPP+WXh9e0xfyzyJX95D8l088DNFj7A=="
  "resolved" "https://registry.npmjs.org/opener/-/opener-1.5.2.tgz"
  "version" "1.5.2"

"picocolors@^1.0.0":
  "integrity" "sha512-1fygroTLlHu66zi26VoTDv8yRgm0Fccecssto+MhsZ0D/DGW2sm8E8AjW7NU5VVTRt5GxbeZ5qBuJr+HyLYkjQ=="
  "resolved" "https://registry.npmjs.org/picocolors/-/picocolors-1.0.0.tgz"
  "version" "1.0.0"

"postcss@8.4.5":
  "integrity" "sha512-jBDboWM8qpaqwkMwItqTQTiFikhs/67OYVvblFFTM7MrZjt6yMKd6r2kgXizEbTTljacm4NldIlZnhbjr84QYg=="
  "resolved" "https://registry.npmjs.org/postcss/-/postcss-8.4.5.tgz"
  "version" "8.4.5"
  dependencies:
    "nanoid" "^3.1.30"
    "picocolors" "^1.0.0"
    "source-map-js" "^1.0.1"

"prismic-helpers@^1.0.3":
  "integrity" "sha512-eGCSflFwsWeXe7BdqWWGjjoaq1SPr61Y55xIUkgYumKFmfJsK9TVcSkRp0rdwW0hGnnDSRvjJwIo2kkDwG7KxA=="
  "resolved" "https://registry.npmjs.org/prismic-helpers/-/prismic-helpers-1.0.3.tgz"
  "version" "1.0.3"

"prismic-reactjs@^1.3.3":
  "integrity" "sha512-f2k8VOC5p8F9QOS1DIfXgU9HBRQgoj3vpPIzbUlKo6PvEW+jbcJIN2MOCscuvgh7JDB2npUS3nHe4lhjbSRofA=="
  "resolved" "https://registry.npmjs.org/prismic-reactjs/-/prismic-reactjs-1.3.4.tgz"
  "version" "1.3.4"
  dependencies:
    "prismic-helpers" "^1.0.3"
    "prismic-richtext" "^1.0.3"
    "prop-types" "^15.7.2"

"prismic-richtext@^1.0.3":
  "integrity" "sha512-ZM45dVPL713+oDpt8ysWRY2pw3esBxRrqBlUO+q/T0WK0SNVSq29tQYhVdIALd8hRfF7X1lfpW0Q0YymEdh0AA=="
  "resolved" "https://registry.npmjs.org/prismic-richtext/-/prismic-richtext-1.0.3.tgz"
  "version" "1.0.3"
  dependencies:
    "ramda" "^0.26.1"
    "uuid" "^3.3.2"

"prop-types@^15.7.2":
  "integrity" "sha512-fDGekdaHh65eI3lMi5OnErU6a8Ighg2KjcjQxO7m8VHyWjcPyj5kiOgV1LQDOOOgVy3+5FgjXvdSSX7B8/5/4g=="
  "resolved" "https://registry.npmjs.org/prop-types/-/prop-types-15.8.0.tgz"
  "version" "15.8.0"
  dependencies:
    "loose-envify" "^1.4.0"
    "object-assign" "^4.1.1"
    "react-is" "^16.13.1"

"ramda@^0.26.1":
  "integrity" "sha512-hLWjpy7EnsDBb0p+Z3B7rPi3GDeRG5ZtiI33kJhTt+ORCd38AbAIjB/9zRIUoeTbE/AVX5ZkU7m6bznsvrf8eQ=="
  "resolved" "https://registry.npmjs.org/ramda/-/ramda-0.26.1.tgz"
  "version" "0.26.1"

"react-dom@^15.0.0 || ^16.0.0 || ^17.0.0", "react-dom@^16.8.0 || ^17", "react-dom@^17.0.1", "react-dom@^17.0.2 || ^18.0.0-0":
  "integrity" "sha512-s4h96KtLDUQlsENhMn1ar8t2bEa+q/YAtj8pPPdIjPDGBDIVNsrD9aXNWqspUe6AzKCIG0C1HZZLqLV7qpOBGA=="
  "resolved" "https://registry.npmjs.org/react-dom/-/react-dom-17.0.2.tgz"
  "version" "17.0.2"
  dependencies:
    "loose-envify" "^1.1.0"
    "object-assign" "^4.1.1"
    "scheduler" "^0.20.2"

"react-highlight@^0.14.0":
  "integrity" "sha512-kWE+KXOXidS7SABhVopOgMnowbI3RAfeGZbnrduLNlWrYAED8sycL9l/Fvw3w0PFpIIawB7mRDnyhDcM/cIIGA=="
  "resolved" "https://registry.npmjs.org/react-highlight/-/react-highlight-0.14.0.tgz"
  "version" "0.14.0"
  dependencies:
    "highlight.js" "^10.5.0"

"react-is@^16.13.1":
  "integrity" "sha512-24e6ynE2H+OKt4kqsOvNd8kBpV65zoxbA4BVsEOB3ARVWQki/DHzaUoC5KuON/BiccDaCCTZBuOcfZs70kR8bQ=="
  "resolved" "https://registry.npmjs.org/react-is/-/react-is-16.13.1.tgz"
  "version" "16.13.1"

"react-use-clipboard@^1.0.7":
  "integrity" "sha512-blIprqARyITp0uVw/2Rh87mcujqXdH6vZ5NrcuXEhI5EmjBGxcGnwt/79+vdN7rwM6OliGj481lOj6ZCcsiYEQ=="
  "resolved" "https://registry.npmjs.org/react-use-clipboard/-/react-use-clipboard-1.0.7.tgz"
  "version" "1.0.7"
  dependencies:
    "copy-to-clipboard" "^3.3.1"

"react@^15.0.0 || ^16.0.0 || ^17.0.0", "react@^16.8.0 || ^17", "react@^17.0.1", "react@^17.0.2 || ^18.0.0-0", "react@>= 16.8.0 || 17.x.x || ^18.0.0-0", "react@>=16.0.0", "react@17.0.2":
  "integrity" "sha512-gnhPt75i/dq/z3/6q/0asP78D0u592D5L1pd7M8P+dck6Fu/jJeL6iVVK23fptSUZj8Vjf++7wXA8UNclGQcbA=="
  "resolved" "https://registry.npmjs.org/react/-/react-17.0.2.tgz"
  "version" "17.0.2"
  dependencies:
    "loose-envify" "^1.1.0"
    "object-assign" "^4.1.1"

"scheduler@^0.20.2":
  "integrity" "sha512-2eWfGgAqqWFGqtdMmcL5zCMK1U8KlXv8SQFGglL3CEtd0aDVDWgeF/YoCmvln55m5zSk3J/20hTaSBeSObsQDQ=="
  "resolved" "https://registry.npmjs.org/scheduler/-/scheduler-0.20.2.tgz"
  "version" "0.20.2"
  dependencies:
    "loose-envify" "^1.1.0"
    "object-assign" "^4.1.1"

"sirv@^1.0.7":
  "integrity" "sha512-JuLThK3TnZG1TAKDwNIqNq6QA2afLOCcm+iE8D1Kj3GA40pSPsxQjjJl0J8X3tsR7T+CP1GavpzLwYkgVLWrZQ=="
  "resolved" "https://registry.npmjs.org/sirv/-/sirv-1.0.19.tgz"
  "version" "1.0.19"
  dependencies:
    "@polka/url" "^1.0.0-next.20"
    "mrmime" "^1.0.0"
    "totalist" "^1.0.0"

"source-map-js@^1.0.1":
  "integrity" "sha512-R0XvVJ9WusLiqTCEiGCmICCMplcCkIwwR11mOSD9CR5u+IXYdiseeEuXCVAjS54zqwkLcPNnmU4OeJ6tUrWhDw=="
  "resolved" "https://registry.npmjs.org/source-map-js/-/source-map-js-1.0.2.tgz"
  "version" "1.0.2"

"styled-jsx@5.0.1":
  "integrity" "sha512-+PIZ/6Uk40mphiQJJI1202b+/dYeTVd9ZnMPR80pgiWbjIwvN2zIp4r9et0BgqBuShh48I0gttPlAXA7WVvBxw=="
  "resolved" "https://registry.npmjs.org/styled-jsx/-/styled-jsx-5.0.1.tgz"
  "version" "5.0.1"

"supports-color@^7.1.0":
  "integrity" "sha512-qpCAvRl9stuOHveKsn7HncJRvv501qIacKzQlO/+Lwxc9+0q2wLyv4Dfvt80/DPn2pqOBsJdDiogXGR9+OvwRw=="
  "resolved" "https://registry.npmjs.org/supports-color/-/supports-color-7.2.0.tgz"
  "version" "7.2.0"
  dependencies:
    "has-flag" "^4.0.0"

"toggle-selection@^1.0.6":
  "integrity" "sha1-bkWxJj8gF/oKzH2J14sVuL932jI="
  "resolved" "https://registry.npmjs.org/toggle-selection/-/toggle-selection-1.0.6.tgz"
  "version" "1.0.6"

"totalist@^1.0.0":
  "integrity" "sha512-gduQwd1rOdDMGxFG1gEvhV88Oirdo2p+KjoYFU7k2g+i7n6AFFbDQ5kMPUsW0pNbfQsB/cwXvT1i4Bue0s9g5g=="
  "resolved" "https://registry.npmjs.org/totalist/-/totalist-1.1.0.tgz"
  "version" "1.1.0"

"tr46@~0.0.3":
  "integrity" "sha1-gYT9NH2snNwYWZLzpmIuFLnZq2o="
  "resolved" "https://registry.npmjs.org/tr46/-/tr46-0.0.3.tgz"
  "version" "0.0.3"

"uuid@^3.3.2":
  "integrity" "sha512-HjSDRw6gZE5JMggctHBcjVak08+KEVhSIiDzFnT9S9aegmp85S/bReBVTb4QTFaRNptJ9kuYaNhnbNEOkbKb/A=="
  "resolved" "https://registry.npmjs.org/uuid/-/uuid-3.4.0.tgz"
  "version" "3.4.0"

"webidl-conversions@^3.0.0":
  "integrity" "sha1-JFNCdeKnvGvnvIZhHMFq4KVlSHE="
  "resolved" "https://registry.npmjs.org/webidl-conversions/-/webidl-conversions-3.0.1.tgz"
  "version" "3.0.1"

"webpack-bundle-analyzer@4.3.0":
  "integrity" "sha512-J3TPm54bPARx6QG8z4cKBszahnUglcv70+N+8gUqv2I5KOFHJbzBiLx+pAp606so0X004fxM7hqRu10MLjJifA=="
  "resolved" "https://registry.npmjs.org/webpack-bundle-analyzer/-/webpack-bundle-analyzer-4.3.0.tgz"
  "version" "4.3.0"
  dependencies:
    "acorn" "^8.0.4"
    "acorn-walk" "^8.0.0"
    "chalk" "^4.1.0"
    "commander" "^6.2.0"
    "gzip-size" "^6.0.0"
    "lodash" "^4.17.20"
    "opener" "^1.5.2"
    "sirv" "^1.0.7"
    "ws" "^7.3.1"

"whatwg-url@^5.0.0":
  "integrity" "sha1-lmRU6HZUYuN2RNNib2dCzotwll0="
  "resolved" "https://registry.npmjs.org/whatwg-url/-/whatwg-url-5.0.0.tgz"
  "version" "5.0.0"
  dependencies:
    "tr46" "~0.0.3"
    "webidl-conversions" "^3.0.0"

"ws@^7.3.1":
  "integrity" "sha512-6GLgCqo2cy2A2rjCNFlxQS6ZljG/coZfZXclldI8FB/1G3CCI36Zd8xy2HrFVACi8tfk5XrgLQEk+P0Tnz9UcA=="
  "resolved" "https://registry.npmjs.org/ws/-/ws-7.5.6.tgz"
  "version" "7.5.6"
